
Microsoft Visual Studio Solution File, Format Version 12.00
# Visual Studio Version 17
VisualStudioVersion = 17.1.32210.238
MinimumVisualStudioVersion = 10.0.40219.1
Project("{FAE04EC0-301F-11D3-BF4B-00C04F79EFBC}") = "BierzaehlerUI", "BierzaehlerUI.csproj", "{5B944E8B-85BE-4B93-A0CA-19A61A813770}"
EndProject
Global
	GlobalSection(SolutionConfigurationPlatforms) = preSolution
		Debug|Any CPU = Debug|Any CPU
		Release|Any CPU = Release|Any CPU
	EndGlobalSection
	GlobalSection(ProjectConfigurationPlatforms) = postSolution
		{5B944E8B-85BE-4B93-A0CA-19A61A813770}.Debug|Any CPU.ActiveCfg = Debug|Any CPU
		{5B944E8B-85BE-4B93-A0CA-19A61A813770}.Debug|Any CPU.Build.0 = Debug|Any CPU
		{5B944E8B-85BE-4B93-A0CA-19A61A813770}.Release|Any CPU.ActiveCfg = Release|Any CPU
		{5B944E8B-85BE-4B93-A0CA-19A61A813770}.Release|Any CPU.Build.0 = Release|Any CPU
	EndGlobalSection
	GlobalSection(SolutionProperties) = preSolution
		HideSolutionNode = FALSE
	EndGlobalSection
	GlobalSection(ExtensibilityGlobals) = postSolution
		SolutionGuid = {45343D8A-C8F9-4EEE-9DAC-E05CC7737B33}
	EndGlobalSection
EndGlobal
